
Microsoft Visual Studio Solution File, Format Version 12.00
# Visual Studio Version 17
VisualStudioVersion = 17.8.34309.116
MinimumVisualStudioVersion = 10.0.40219.1
Project("{9A19103F-16F7-4668-BE54-9A1E7A4F7556}") = "LiveStreamingServer", "LiveStreamingServer\LiveStreamingServer.csproj", "{3400A839-5386-439A-925A-FE24059F494C}"
EndProject
Project("{FAE04EC0-301F-11D3-BF4B-00C04F79EFBC}") = "LiveStreamingServer.Playground", "LiveStreamingServer.Playground\LiveStreamingServer.Playground.csproj", "{10559625-0999-493C-A90E-F4B21476C139}"
EndProject
Global
	GlobalSection(SolutionConfigurationPlatforms) = preSolution
		Debug|Any CPU = Debug|Any CPU
		Release|Any CPU = Release|Any CPU
	EndGlobalSection
	GlobalSection(ProjectConfigurationPlatforms) = postSolution
		{3400A839-5386-439A-925A-FE24059F494C}.Debug|Any CPU.ActiveCfg = Debug|Any CPU
		{3400A839-5386-439A-925A-FE24059F494C}.Debug|Any CPU.Build.0 = Debug|Any CPU
		{3400A839-5386-439A-925A-FE24059F494C}.Release|Any CPU.ActiveCfg = Release|Any CPU
		{3400A839-5386-439A-925A-FE24059F494C}.Release|Any CPU.Build.0 = Release|Any CPU
		{10559625-0999-493C-A90E-F4B21476C139}.Debug|Any CPU.ActiveCfg = Debug|Any CPU
		{10559625-0999-493C-A90E-F4B21476C139}.Debug|Any CPU.Build.0 = Debug|Any CPU
		{10559625-0999-493C-A90E-F4B21476C139}.Release|Any CPU.ActiveCfg = Release|Any CPU
		{10559625-0999-493C-A90E-F4B21476C139}.Release|Any CPU.Build.0 = Release|Any CPU
	EndGlobalSection
	GlobalSection(SolutionProperties) = preSolution
		HideSolutionNode = FALSE
	EndGlobalSection
	GlobalSection(ExtensibilityGlobals) = postSolution
		SolutionGuid = {0A9A3928-2852-49B9-85EF-F00480E9FE7F}
	EndGlobalSection
EndGlobal
